PODS:
  - FlutterMacOS (1.0.0)
  - wifi_macos (0.0.1):
    - FlutterMacOS

DEPENDENCIES:
  - FlutterMacOS (from `Flutter/ephemeral`)
  - wifi_macos (from `Flutter/ephemeral/.symlinks/plugins/wifi_macos/macos`)

EXTERNAL SOURCES:
  FlutterMacOS:
    :path: Flutter/ephemeral
  wifi_macos:
    :path: Flutter/ephemeral/.symlinks/plugins/wifi_macos/macos

SPEC CHECKSUMS:
  FlutterMacOS: ae6af50a8ea7d6103d888583d46bd8328a7e9811
  wifi_macos: 66a2b972d768f0427728ce43d8c7d929b3290a64

PODFILE CHECKSUM: a884f6dd3f7494f3892ee6c81feea3a3abbf9153

COCOAPODS: 1.11.3
